
Microsoft Visual Studio Solution File, Format Version 12.00
# Visual Studio 2013
Project("{FAE04EC0-301F-11D3-BF4B-00C04F79EFBC}") = "MyGameProject_MMO.CSharp.Plugins", "MyGameProject_MMO.CSharp.Plugins.csproj", "{5B3E0232-47E7-AA07-EB2B-C9AC31445664}"
EndProject
Project("{FAE04EC0-301F-11D3-BF4B-00C04F79EFBC}") = "MyGameProject_MMO.CSharp", "MyGameProject_MMO.CSharp.csproj", "{24CCE865-4515-A2C7-D2EB-D8EA0C8B8BBB}"
EndProject
Project("{FAE04EC0-301F-11D3-BF4B-00C04F79EFBC}") = "MyGameProject_MMO.CSharp.Editor", "MyGameProject_MMO.CSharp.Editor.csproj", "{48E19023-F39F-492D-E5AE-628C60A69670}"
EndProject
Global
	GlobalSection(SolutionConfigurationPlatforms) = preSolution
		Debug|Any CPU = Debug|Any CPU
		Release|Any CPU = Release|Any CPU
	EndGlobalSection
	GlobalSection(ProjectConfigurationPlatforms) = postSolution
		{5B3E0232-47E7-AA07-EB2B-C9AC31445664}.Debug|Any CPU.ActiveCfg = Debug|Any CPU
		{5B3E0232-47E7-AA07-EB2B-C9AC31445664}.Debug|Any CPU.Build.0 = Debug|Any CPU
		{5B3E0232-47E7-AA07-EB2B-C9AC31445664}.Release|Any CPU.ActiveCfg = Release|Any CPU
		{5B3E0232-47E7-AA07-EB2B-C9AC31445664}.Release|Any CPU.Build.0 = Release|Any CPU
		{24CCE865-4515-A2C7-D2EB-D8EA0C8B8BBB}.Debug|Any CPU.ActiveCfg = Debug|Any CPU
		{24CCE865-4515-A2C7-D2EB-D8EA0C8B8BBB}.Debug|Any CPU.Build.0 = Debug|Any CPU
		{24CCE865-4515-A2C7-D2EB-D8EA0C8B8BBB}.Release|Any CPU.ActiveCfg = Release|Any CPU
		{24CCE865-4515-A2C7-D2EB-D8EA0C8B8BBB}.Release|Any CPU.Build.0 = Release|Any CPU
		{48E19023-F39F-492D-E5AE-628C60A69670}.Debug|Any CPU.ActiveCfg = Debug|Any CPU
		{48E19023-F39F-492D-E5AE-628C60A69670}.Debug|Any CPU.Build.0 = Debug|Any CPU
		{48E19023-F39F-492D-E5AE-628C60A69670}.Release|Any CPU.ActiveCfg = Release|Any CPU
		{48E19023-F39F-492D-E5AE-628C60A69670}.Release|Any CPU.Build.0 = Release|Any CPU
	EndGlobalSection
	GlobalSection(SolutionProperties) = preSolution
		HideSolutionNode = FALSE
	EndGlobalSection
EndGlobal
